<?xml version="1.0" encoding="utf-8"?>
<Project ToolsVersion="4.0" xmlns="http://schemas.microsoft.com/developer/msbuild/2003">
  <ItemGroup>
    <Filter Include="[Project]">
      <UniqueIdentifier>{83773264-bede-429c-9c96-b921743a9a2c}</UniqueIdentifier>
    </Filter>
    <Filter Include="[Project]\Header Files">
      <UniqueIdentifier>{f692e060-4577-4877-aef2-161ad63262fc}</UniqueIdentifier>
    </Filter>
    <Filter Include="[Project]\Resource Files">
      <UniqueIdentifier>{355cfa64-19a4-4aa4-9f4f-263f535f3530}</UniqueIdentifier>
    </Filter>
    <Filter Include="[Project]\Source Files">
      <UniqueIdentifier>{35ed6d8b-fe31-481f-830c-032f8b35ea6d}</UniqueIdentifier>
    </Filter>
    <Filter Include="[Intrinsics]">
      <UniqueIdentifier>{29fe1c10-2584-4bb0-b832-4a6fd16cebbf}</UniqueIdentifier>
    </Filter>
  </ItemGroup>
  <ItemGroup>
    <ClCompile Include="Main.cpp">
      <Filter>[Project]\Source Files</Filter>
    </ClCompile>
    <ClCompile Include="KMD\utils.cpp">
      <Filter>[Intrinsics]</Filter>
    </ClCompile>
    <ClCompile Include="KMD\basics.cpp">
      <Filter>[Intrinsics]</Filter>
    </ClCompile>
    <ClCompile Include="KMD\cpuid.cpp">
      <Filter>[Intrinsics]</Filter>
    </ClCompile>
    <ClCompile Include="KMD\dTlbPoison.cpp">
      <Filter>[Intrinsics]</Filter>
    </ClCompile>
    <ClCompile Include="KMD\entry.cpp">
      <Filter>[Intrinsics]</Filter>
    </ClCompile>
    <ClCompile Include="KMD\fwAlloc.cpp">
      <Filter>[Intrinsics]</Filter>
    </ClCompile>
    <ClCompile Include="KMD\msr.cpp">
      <Filter>[Intrinsics]</Filter>
    </ClCompile>
  </ItemGroup>
  <ItemGroup>
    <ClInclude Include="KMD\intrinsics.hpp">
      <Filter>[Intrinsics]</Filter>
    </ClInclude>
    <ClInclude Include="KMD\nt_imports.hpp">
      <Filter>[Intrinsics]</Filter>
    </ClInclude>
    <ClInclude Include="KMD\nt_methods.hpp">
      <Filter>[Intrinsics]</Filter>
    </ClInclude>
    <ClInclude Include="KMD\nt_structs.hpp">
      <Filter>[Intrinsics]</Filter>
    </ClInclude>
    <ClInclude Include="KMD\basics.hpp">
      <Filter>[Intrinsics]</Filter>
    </ClInclude>
    <ClInclude Include="KMD\cpuid.hpp">
      <Filter>[Intrinsics]</Filter>
    </ClInclude>
    <ClInclude Include="KMD\dTlbPoison.hpp">
      <Filter>[Intrinsics]</Filter>
    </ClInclude>
    <ClInclude Include="KMD\entry.hpp">
      <Filter>[Intrinsics]</Filter>
    </ClInclude>
    <ClInclude Include="KMD\fwAlloc.hpp">
      <Filter>[Intrinsics]</Filter>
    </ClInclude>
    <ClInclude Include="KMD\msr.hpp">
      <Filter>[Intrinsics]</Filter>
    </ClInclude>
    <ClInclude Include="KMD\utils.hpp">
      <Filter>[Intrinsics]</Filter>
    </ClInclude>
  </ItemGroup>
</Project>